
Microsoft Visual Studio Solution File, Format Version 12.00
# Visual Studio Version 16
VisualStudioVersion = 16.0.29806.167
MinimumVisualStudioVersion = 10.0.40219.1
Project("{9A19103F-16F7-4668-BE54-9A1E7A4F7556}") = "DragonsBossSwarm", "DragonsBossSwarm.csproj", "{4DB970A4-7941-403D-AC9D-5EF36EC1FD30}"
EndProject
Global
	GlobalSection(SolutionConfigurationPlatforms) = preSolution
		Debug|Any CPU = Debug|Any CPU
		Release|Any CPU = Release|Any CPU
	EndGlobalSection
	GlobalSection(ProjectConfigurationPlatforms) = postSolution
		{4DB970A4-7941-403D-AC9D-5EF36EC1FD30}.Debug|Any CPU.ActiveCfg = Debug|Any CPU
		{4DB970A4-7941-403D-AC9D-5EF36EC1FD30}.Debug|Any CPU.Build.0 = Debug|Any CPU
		{4DB970A4-7941-403D-AC9D-5EF36EC1FD30}.Release|Any CPU.ActiveCfg = Release|Any CPU
		{4DB970A4-7941-403D-AC9D-5EF36EC1FD30}.Release|Any CPU.Build.0 = Release|Any CPU
	EndGlobalSection
	GlobalSection(SolutionProperties) = preSolution
		HideSolutionNode = FALSE
	EndGlobalSection
	GlobalSection(ExtensibilityGlobals) = postSolution
		SolutionGuid = {4D7D4D6B-4E38-44F1-AB6E-FE1FF908660E}
	EndGlobalSection
EndGlobal
